
Microsoft Visual Studio Solution File, Format Version 12.00
# Visual Studio 2012
Project("{8BC9CEB8-8B4A-11D0-8D11-00A0C91BC942}") = "9_6", "9_6\9_6.vcxproj", "{669251AD-E0A7-41CD-9498-D3518D178940}"
EndProject
Global
	GlobalSection(SolutionConfigurationPlatforms) = preSolution
		Debug|Win32 = Debug|Win32
		Release|Win32 = Release|Win32
	EndGlobalSection
	GlobalSection(ProjectConfigurationPlatforms) = postSolution
		{669251AD-E0A7-41CD-9498-D3518D178940}.Debug|Win32.ActiveCfg = Debug|Win32
		{669251AD-E0A7-41CD-9498-D3518D178940}.Debug|Win32.Build.0 = Debug|Win32
		{669251AD-E0A7-41CD-9498-D3518D178940}.Release|Win32.ActiveCfg = Release|Win32
		{669251AD-E0A7-41CD-9498-D3518D178940}.Release|Win32.Build.0 = Release|Win32
	EndGlobalSection
	GlobalSection(SolutionProperties) = preSolution
		HideSolutionNode = FALSE
	EndGlobalSection
	GlobalSection(Performance) = preSolution
		HasPerformanceSessions = true
	EndGlobalSection
EndGlobal
